
Microsoft Visual Studio Solution File, Format Version 12.00
# Visual Studio 15
VisualStudioVersion = 15.0.28010.0
MinimumVisualStudioVersion = 10.0.40219.1
Project("{FAE04EC0-301F-11D3-BF4B-00C04F79EFBC}") = "DIFF", "DIFF\DIFF.csproj", "{7554CD6B-39CD-439B-B6EB-173E763AC648}"
EndProject
Global
	GlobalSection(SolutionConfigurationPlatforms) = preSolution
		Debug|Any CPU = Debug|Any CPU
		Release|Any CPU = Release|Any CPU
	EndGlobalSection
	GlobalSection(ProjectConfigurationPlatforms) = postSolution
		{7554CD6B-39CD-439B-B6EB-173E763AC648}.Debug|Any CPU.ActiveCfg = Debug|Any CPU
		{7554CD6B-39CD-439B-B6EB-173E763AC648}.Debug|Any CPU.Build.0 = Debug|Any CPU
		{7554CD6B-39CD-439B-B6EB-173E763AC648}.Release|Any CPU.ActiveCfg = Release|Any CPU
		{7554CD6B-39CD-439B-B6EB-173E763AC648}.Release|Any CPU.Build.0 = Release|Any CPU
	EndGlobalSection
	GlobalSection(SolutionProperties) = preSolution
		HideSolutionNode = FALSE
	EndGlobalSection
	GlobalSection(ExtensibilityGlobals) = postSolution
		SolutionGuid = {9ECCC60B-5373-4C15-8B55-2B58B29E208D}
	EndGlobalSection
EndGlobal
