
Microsoft Visual Studio Solution File, Format Version 12.00
# Visual Studio 15
VisualStudioVersion = 15.0.28010.0
MinimumVisualStudioVersion = 10.0.40219.1
Project("{FAE04EC0-301F-11D3-BF4B-00C04F79EFBC}") = "BLOCK", "BLOCK\BLOCK.csproj", "{C0699F3A-D8C0-42DB-8519-61425D7B2488}"
EndProject
Global
	GlobalSection(SolutionConfigurationPlatforms) = preSolution
		Debug|Any CPU = Debug|Any CPU
		Release|Any CPU = Release|Any CPU
	EndGlobalSection
	GlobalSection(ProjectConfigurationPlatforms) = postSolution
		{C0699F3A-D8C0-42DB-8519-61425D7B2488}.Debug|Any CPU.ActiveCfg = Debug|Any CPU
		{C0699F3A-D8C0-42DB-8519-61425D7B2488}.Debug|Any CPU.Build.0 = Debug|Any CPU
		{C0699F3A-D8C0-42DB-8519-61425D7B2488}.Release|Any CPU.ActiveCfg = Release|Any CPU
		{C0699F3A-D8C0-42DB-8519-61425D7B2488}.Release|Any CPU.Build.0 = Release|Any CPU
	EndGlobalSection
	GlobalSection(SolutionProperties) = preSolution
		HideSolutionNode = FALSE
	EndGlobalSection
	GlobalSection(ExtensibilityGlobals) = postSolution
		SolutionGuid = {1BCFE421-6273-4643-85D9-0660A67A979E}
	EndGlobalSection
EndGlobal
