
Microsoft Visual Studio Solution File, Format Version 12.00
# Visual Studio 15
VisualStudioVersion = 15.0.28010.0
MinimumVisualStudioVersion = 10.0.40219.1
Project("{FAE04EC0-301F-11D3-BF4B-00C04F79EFBC}") = "FRAMW", "FRAMW\FRAMW.csproj", "{B430D57F-AC68-4810-B11D-06D263BAC0FA}"
EndProject
Global
	GlobalSection(SolutionConfigurationPlatforms) = preSolution
		Debug|Any CPU = Debug|Any CPU
		Release|Any CPU = Release|Any CPU
	EndGlobalSection
	GlobalSection(ProjectConfigurationPlatforms) = postSolution
		{B430D57F-AC68-4810-B11D-06D263BAC0FA}.Debug|Any CPU.ActiveCfg = Debug|Any CPU
		{B430D57F-AC68-4810-B11D-06D263BAC0FA}.Debug|Any CPU.Build.0 = Debug|Any CPU
		{B430D57F-AC68-4810-B11D-06D263BAC0FA}.Release|Any CPU.ActiveCfg = Release|Any CPU
		{B430D57F-AC68-4810-B11D-06D263BAC0FA}.Release|Any CPU.Build.0 = Release|Any CPU
	EndGlobalSection
	GlobalSection(SolutionProperties) = preSolution
		HideSolutionNode = FALSE
	EndGlobalSection
	GlobalSection(ExtensibilityGlobals) = postSolution
		SolutionGuid = {E9A0E391-26AC-4E40-AD3E-A39B88BE7AE8}
	EndGlobalSection
EndGlobal
