
Microsoft Visual Studio Solution File, Format Version 12.00
# Visual Studio 15
VisualStudioVersion = 15.0.28010.0
MinimumVisualStudioVersion = 10.0.40219.1
Project("{FAE04EC0-301F-11D3-BF4B-00C04F79EFBC}") = "WMB", "WMB\WMB.csproj", "{BBDA853D-37BD-472F-B850-CAEDC5227F8C}"
EndProject
Global
	GlobalSection(SolutionConfigurationPlatforms) = preSolution
		Debug|Any CPU = Debug|Any CPU
		Release|Any CPU = Release|Any CPU
	EndGlobalSection
	GlobalSection(ProjectConfigurationPlatforms) = postSolution
		{BBDA853D-37BD-472F-B850-CAEDC5227F8C}.Debug|Any CPU.ActiveCfg = Debug|Any CPU
		{BBDA853D-37BD-472F-B850-CAEDC5227F8C}.Debug|Any CPU.Build.0 = Debug|Any CPU
		{BBDA853D-37BD-472F-B850-CAEDC5227F8C}.Release|Any CPU.ActiveCfg = Release|Any CPU
		{BBDA853D-37BD-472F-B850-CAEDC5227F8C}.Release|Any CPU.Build.0 = Release|Any CPU
	EndGlobalSection
	GlobalSection(SolutionProperties) = preSolution
		HideSolutionNode = FALSE
	EndGlobalSection
	GlobalSection(ExtensibilityGlobals) = postSolution
		SolutionGuid = {43E93BB9-5F5F-439B-B62F-FDBD3C789155}
	EndGlobalSection
EndGlobal
